// !$*UTF8*$!
{
	archiveVersion = 1;
	classes = {
	};
	objectVersion = 48;
	objects = {

/* Begin PBXBuildFile section */
		2204B8D41FC1EBFE00BD2EFB /* AppDelegate.swift in Sources */ = {isa = PBXBuildFile; fileRef = 2204B8D31FC1EBFE00BD2EFB /* AppDelegate.swift */; };
		2204B8D61FC1EBFE00BD2EFB /* ViewController.swift in Sources */ = {isa = PBXBuildFile; fileRef = 2204B8D51FC1EBFE00BD2EFB /* ViewController.swift */; };
		2204B8D91FC1EBFE00BD2EFB /* Main.storyboard in Resources */ = {isa = PBXBuildFile; fileRef = 2204B8D71FC1EBFE00BD2EFB /* Main.storyboard */; };
		2204B8DC1FC1EBFE00BD2EFB /* beltExam2.xcdatamodeld in Sources */ = {isa = PBXBuildFile; fileRef = 2204B8DA1FC1EBFE00BD2EFB /* beltExam2.xcdatamodeld */; };
		2204B8DE1FC1EBFE00BD2EFB /* Assets.xcassets in Resources */ = {isa = PBXBuildFile; fileRef = 2204B8DD1FC1EBFE00BD2EFB /* Assets.xcassets */; };
		2204B8E11FC1EBFE00BD2EFB /* LaunchScreen.storyboard in Resources */ = {isa = PBXBuildFile; fileRef = 2204B8DF1FC1EBFE00BD2EFB /* LaunchScreen.storyboard */; };
		2204B8EC1FC1EBFE00BD2EFB /* beltExam2Tests.swift in Sources */ = {isa = PBXBuildFile; fileRef = 2204B8EB1FC1EBFE00BD2EFB /* beltExam2Tests.swift */; };
		2204B8F71FC1EBFE00BD2EFB /* beltExam2UITests.swift in Sources */ = {isa = PBXBuildFile; fileRef = 2204B8F61FC1EBFE00BD2EFB /* beltExam2UITests.swift */; };
/* End PBXBuildFile section */

/* Begin PBXContainerItemProxy section */
		2204B8E81FC1EBFE00BD2EFB /* PBXContainerItemProxy */ = {
			isa = PBXContainerItemProxy;
			containerPortal = 2204B8C81FC1EBFE00BD2EFB /* Project object */;
			proxyType = 1;
			remoteGlobalIDString = 2204B8CF1FC1EBFE00BD2EFB;
			remoteInfo = beltExam2;
		};
		2204B8F31FC1EBFE00BD2EFB /* PBXContainerItemProxy */ = {
			isa = PBXContainerItemProxy;
			containerPortal = 2204B8C81FC1EBFE00BD2EFB /* Project object */;
			proxyType = 1;
			remoteGlobalIDString = 2204B8CF1FC1EBFE00BD2EFB;
			remoteInfo = beltExam2;
		};
/* End PBXContainerItemProxy section */

/* Begin PBXFileReference section */
		2204B8D01FC1EBFE00BD2EFB /* beltExam2.app */ = {isa = PBXFileReference; explicitFileType = wrapper.application; includeInIndex = 0; path = beltExam2.app; sourceTree = BUILT_PRODUCTS_DIR; };
		2204B8D31FC1EBFE00BD2EFB /* AppDelegate.swift */ = {isa = PBXFileReference; lastKnownFileType = sourcecode.swift; path = AppDelegate.swift; sourceTree = "<group>"; };
		2204B8D51FC1EBFE00BD2EFB /* ViewController.swift */ = {isa = PBXFileReference; lastKnownFileType = sourcecode.swift; path = ViewController.swift; sourceTree = "<group>"; };
		2204B8D81FC1EBFE00BD2EFB /* Base */ = {isa = PBXFileReference; lastKnownFileType = file.storyboard; name = Base; path = Base.lproj/Main.storyboard; sourceTree = "<group>"; };
		2204B8DB1FC1EBFE00BD2EFB /* beltExam2.xcdatamodel */ = {isa = PBXFileReference; lastKnownFileType = wrapper.xcdatamodel; path = beltExam2.xcdatamodel; sourceTree = "<group>"; };
		2204B8DD1FC1EBFE00BD2EFB /* Assets.xcassets */ = {isa = PBXFileReference; lastKnownFileType = folder.assetcatalog; path = Assets.xcassets; sourceTree = "<group>"; };
		2204B8E01FC1EBFE00BD2EFB /* Base */ = {isa = PBXFileReference; lastKnownFileType = file.storyboard; name = Base; path = Base.lproj/LaunchScreen.storyboard; sourceTree = "<group>"; };
		2204B8E21FC1EBFE00BD2EFB /* Info.plist */ = {isa = PBXFileReference; lastKnownFileType = text.plist.xml; path = Info.plist; sourceTree = "<group>"; };
		2204B8E71FC1EBFE00BD2EFB /* beltExam2Tests.xctest */ = {isa = PBXFileReference; explicitFileType = wrapper.cfbundle; includeInIndex = 0; path = beltExam2Tests.xctest; sourceTree = BUILT_PRODUCTS_DIR; };
		2204B8EB1FC1EBFE00BD2EFB /* beltExam2Tests.swift */ = {isa = PBXFileReference; lastKnownFileType = sourcecode.swift; path = beltExam2Tests.swift; sourceTree = "<group>"; };
		2204B8ED1FC1EBFE00BD2EFB /* Info.plist */ = {isa = PBXFileReference; lastKnownFileType = text.plist.xml; path = Info.plist; sourceTree = "<group>"; };
		2204B8F21FC1EBFE00BD2EFB /* beltExam2UITests.xctest */ = {isa = PBXFileReference; explicitFileType = wrapper.cfbundle; includeInIndex = 0; path = beltExam2UITests.xctest; sourceTree = BUILT_PRODUCTS_DIR; };
		2204B8F61FC1EBFE00BD2EFB /* beltExam2UITests.swift */ = {isa = PBXFileReference; lastKnownFileType = sourcecode.swift; path = beltExam2UITests.swift; sourceTree = "<group>"; };
		2204B8F81FC1EBFE00BD2EFB /* Info.plist */ = {isa = PBXFileReference; lastKnownFileType = text.plist.xml; path = Info.plist; sourceTree = "<group>"; };
/* End PBXFileReference section */

/* Begin PBXFrameworksBuildPhase section */
		2204B8CD1FC1EBFE00BD2EFB /* Frameworks */ = {
			isa = PBXFrameworksBuildPhase;
			buildActionMask = 2147483647;
			files = (
			);
			runOnlyForDeploymentPostprocessing = 0;
		};
		2204B8E41FC1EBFE00BD2EFB /* Frameworks */ = {
			isa = PBXFrameworksBuildPhase;
			buildActionMask = 2147483647;
			files = (
			);
			runOnlyForDeploymentPostprocessing = 0;
		};
		2204B8EF1FC1EBFE00BD2EFB /* Frameworks */ = {
			isa = PBXFrameworksBuildPhase;
			buildActionMask = 2147483647;
			files = (
			);
			runOnlyForDeploymentPostprocessing = 0;
		};
/* End PBXFrameworksBuildPhase section */

/* Begin PBXGroup section */
		2204B8C71FC1EBFE00BD2EFB = {
			isa = PBXGroup;
			children = (
				2204B8D21FC1EBFE00BD2EFB /* beltExam2 */,
				2204B8EA1FC1EBFE00BD2EFB /* beltExam2Tests */,
				2204B8F51FC1EBFE00BD2EFB /* beltExam2UITests */,
				2204B8D11FC1EBFE00BD2EFB /* Products */,
			);
			sourceTree = "<group>";
		};
		2204B8D11FC1EBFE00BD2EFB /* Products */ = {
			isa = PBXGroup;
			children = (
				2204B8D01FC1EBFE00BD2EFB /* beltExam2.app */,
				2204B8E71FC1EBFE00BD2EFB /* beltExam2Tests.xctest */,
				2204B8F21FC1EBFE00BD2EFB /* beltExam2UITests.xctest */,
			);
			name = Products;
			sourceTree = "<group>";
		};
		2204B8D21FC1EBFE00BD2EFB /* beltExam2 */ = {
			isa = PBXGroup;
			children = (
				2204B8D31FC1EBFE00BD2EFB /* AppDelegate.swift */,
				2204B8D51FC1EBFE00BD2EFB /* ViewController.swift */,
				2204B8D71FC1EBFE00BD2EFB /* Main.storyboard */,
				2204B8DD1FC1EBFE00BD2EFB /* Assets.xcassets */,
				2204B8DF1FC1EBFE00BD2EFB /* LaunchScreen.storyboard */,
				2204B8E21FC1EBFE00BD2EFB /* Info.plist */,
				2204B8DA1FC1EBFE00BD2EFB /* beltExam2.xcdatamodeld */,
			);
			path = beltExam2;
			sourceTree = "<group>";
		};
		2204B8EA1FC1EBFE00BD2EFB /* beltExam2Tests */ = {
			isa = PBXGroup;
			children = (
				2204B8EB1FC1EBFE00BD2EFB /* beltExam2Tests.swift */,
				2204B8ED1FC1EBFE00BD2EFB /* Info.plist */,
			);
			path = beltExam2Tests;
			sourceTree = "<group>";
		};
		2204B8F51FC1EBFE00BD2EFB /* beltExam2UITests */ = {
			isa = PBXGroup;
			children = (
				2204B8F61FC1EBFE00BD2EFB /* beltExam2UITests.swift */,
				2204B8F81FC1EBFE00BD2EFB /* Info.plist */,
			);
			path = beltExam2UITests;
			sourceTree = "<group>";
		};
/* End PBXGroup section */

/* Begin PBXNativeTarget section */
		2204B8CF1FC1EBFE00BD2EFB /* beltExam2 */ = {
			isa = PBXNativeTarget;
			buildConfigurationList = 2204B8FB1FC1EBFE00BD2EFB /* Build configuration list for PBXNativeTarget "beltExam2" */;
			buildPhases = (
				2204B8CC1FC1EBFE00BD2EFB /* Sources */,
				2204B8CD1FC1EBFE00BD2EFB /* Frameworks */,
				2204B8CE1FC1EBFE00BD2EFB /* Resources */,
			);
			buildRules = (
			);
			dependencies = (
			);
			name = beltExam2;
			productName = beltExam2;
			productReference = 2204B8D01FC1EBFE00BD2EFB /* beltExam2.app */;
			productType = "com.apple.product-type.application";
		};
		2204B8E61FC1EBFE00BD2EFB /* beltExam2Tests */ = {
			isa = PBXNativeTarget;
			buildConfigurationList = 2204B8FE1FC1EBFE00BD2EFB /* Build configuration list for PBXNativeTarget "beltExam2Tests" */;
			buildPhases = (
				2204B8E31FC1EBFE00BD2EFB /* Sources */,
				2204B8E41FC1EBFE00BD2EFB /* Frameworks */,
				2204B8E51FC1EBFE00BD2EFB /* Resources */,
			);
			buildRules = (
			);
			dependencies = (
				2204B8E91FC1EBFE00BD2EFB /* PBXTargetDependency */,
			);
			name = beltExam2Tests;
			productName = beltExam2Tests;
			productReference = 2204B8E71FC1EBFE00BD2EFB /* beltExam2Tests.xctest */;
			productType = "com.apple.product-type.bundle.unit-test";
		};
		2204B8F11FC1EBFE00BD2EFB /* beltExam2UITests */ = {
			isa = PBXNativeTarget;
			buildConfigurationList = 2204B9011FC1EBFE00BD2EFB /* Build configuration list for PBXNativeTarget "beltExam2UITests" */;
			buildPhases = (
				2204B8EE1FC1EBFE00BD2EFB /* Sources */,
				2204B8EF1FC1EBFE00BD2EFB /* Frameworks */,
				2204B8F01FC1EBFE00BD2EFB /* Resources */,
			);
			buildRules = (
			);
			dependencies = (
				2204B8F41FC1EBFE00BD2EFB /* PBXTargetDependency */,
			);
			name = beltExam2UITests;
			productName = beltExam2UITests;
			productReference = 2204B8F21FC1EBFE00BD2EFB /* beltExam2UITests.xctest */;
			productType = "com.apple.product-type.bundle.ui-testing";
		};
/* End PBXNativeTarget section */

/* Begin PBXProject section */
		2204B8C81FC1EBFE00BD2EFB /* Project object */ = {
			isa = PBXProject;
			attributes = {
				LastSwiftUpdateCheck = 0910;
				LastUpgradeCheck = 0910;
				ORGANIZATIONNAME = "Ricardo Rojas";
				TargetAttributes = {
					2204B8CF1FC1EBFE00BD2EFB = {
						CreatedOnToolsVersion = 9.1;
						ProvisioningStyle = Automatic;
					};
					2204B8E61FC1EBFE00BD2EFB = {
						CreatedOnToolsVersion = 9.1;
						ProvisioningStyle = Automatic;
						TestTargetID = 2204B8CF1FC1EBFE00BD2EFB;
					};
					2204B8F11FC1EBFE00BD2EFB = {
						CreatedOnToolsVersion = 9.1;
						ProvisioningStyle = Automatic;
						TestTargetID = 2204B8CF1FC1EBFE00BD2EFB;
					};
				};
			};
			buildConfigurationList = 2204B8CB1FC1EBFE00BD2EFB /* Build configuration list for PBXProject "beltExam2" */;
			compatibilityVersion = "Xcode 8.0";
			developmentRegion = en;
			hasScannedForEncodings = 0;
			knownRegions = (
				en,
				Base,
			);
			mainGroup = 2204B8C71FC1EBFE00BD2EFB;
			productRefGroup = 2204B8D11FC1EBFE00BD2EFB /* Products */;
			projectDirPath = "";
			projectRoot = "";
			targets = (
				2204B8CF1FC1EBFE00BD2EFB /* beltExam2 */,
				2204B8E61FC1EBFE00BD2EFB /* beltExam2Tests */,
				2204B8F11FC1EBFE00BD2EFB /* beltExam2UITests */,
			);
		};
/* End PBXProject section */

/* Begin PBXResourcesBuildPhase section */
		2204B8CE1FC1EBFE00BD2EFB /* Resources */ = {
			isa = PBXResourcesBuildPhase;
			buildActionMask = 2147483647;
			files = (
				2204B8E11FC1EBFE00BD2EFB /* LaunchScreen.storyboard in Resources */,
				2204B8DE1FC1EBFE00BD2EFB /* Assets.xcassets in Resources */,
				2204B8D91FC1EBFE00BD2EFB /* Main.storyboard in Resources */,
			);
			runOnlyForDeploymentPostprocessing = 0;
		};
		2204B8E51FC1EBFE00BD2EFB /* Resources */ = {
			isa = PBXResourcesBuildPhase;
			buildActionMask = 2147483647;
			files = (
			);
			runOnlyForDeploymentPostprocessing = 0;
		};
		2204B8F01FC1EBFE00BD2EFB /* Resources */ = {
			isa = PBXResourcesBuildPhase;
			buildActionMask = 2147483647;
			files = (
			);
			runOnlyForDeploymentPostprocessing = 0;
		};
/* End PBXResourcesBuildPhase section */

/* Begin PBXSourcesBuildPhase section */
		2204B8CC1FC1EBFE00BD2EFB /* Sources */ = {
			isa = PBXSourcesBuildPhase;
			buildActionMask = 2147483647;
			files = (
				2204B8D61FC1EBFE00BD2EFB /* ViewController.swift in Sources */,
				2204B8D41FC1EBFE00BD2EFB /* AppDelegate.swift in Sources */,
				2204B8DC1FC1EBFE00BD2EFB /* beltExam2.xcdatamodeld in Sources */,
			);
			runOnlyForDeploymentPostprocessing = 0;
		};
		2204B8E31FC1EBFE00BD2EFB /* Sources */ = {
			isa = PBXSourcesBuildPhase;
			buildActionMask = 2147483647;
			files = (
				2204B8EC1FC1EBFE00BD2EFB /* beltExam2Tests.swift in Sources */,
			);
			runOnlyForDeploymentPostprocessing = 0;
		};
		2204B8EE1FC1EBFE00BD2EFB /* Sources */ = {
			isa = PBXSourcesBuildPhase;
			buildActionMask = 2147483647;
			files = (
				2204B8F71FC1EBFE00BD2EFB /* beltExam2UITests.swift in Sources */,
			);
			runOnlyForDeploymentPostprocessing = 0;
		};
/* End PBXSourcesBuildPhase section */

/* Begin PBXTargetDependency section */
		2204B8E91FC1EBFE00BD2EFB /* PBXTargetDependency */ = {
			isa = PBXTargetDependency;
			target = 2204B8CF1FC1EBFE00BD2EFB /* beltExam2 */;
			targetProxy = 2204B8E81FC1EBFE00BD2EFB /* PBXContainerItemProxy */;
		};
		2204B8F41FC1EBFE00BD2EFB /* PBXTargetDependency */ = {
			isa = PBXTargetDependency;
			target = 2204B8CF1FC1EBFE00BD2EFB /* beltExam2 */;
			targetProxy = 2204B8F31FC1EBFE00BD2EFB /* PBXContainerItemProxy */;
		};
/* End PBXTargetDependency section */

/* Begin PBXVariantGroup section */
		2204B8D71FC1EBFE00BD2EFB /* Main.storyboard */ = {
			isa = PBXVariantGroup;
			children = (
				2204B8D81FC1EBFE00BD2EFB /* Base */,
			);
			name = Main.storyboard;
			sourceTree = "<group>";
		};
		2204B8DF1FC1EBFE00BD2EFB /* LaunchScreen.storyboard */ = {
			isa = PBXVariantGroup;
			children = (
				2204B8E01FC1EBFE00BD2EFB /* Base */,
			);
			name = LaunchScreen.storyboard;
			sourceTree = "<group>";
		};
/* End PBXVariantGroup section */

/* Begin XCBuildConfiguration section */
		2204B8F91FC1EBFE00BD2EFB /* Debug */ = {
			isa = XCBuildConfiguration;
			buildSettings = {
				ALWAYS_SEARCH_USER_PATHS = NO;
				CLANG_ANALYZER_NONNULL = YES;
				CLANG_ANALYZER_NUMBER_OBJECT_CONVERSION = YES_AGGRESSIVE;
				CLANG_CXX_LANGUAGE_STANDARD = "gnu++14";
				CLANG_CXX_LIBRARY = "libc++";
				CLANG_ENABLE_MODULES = YES;
				CLANG_ENABLE_OBJC_ARC = YES;
				CLANG_WARN_BLOCK_CAPTURE_AUTORELEASING = YES;
				CLANG_WARN_BOOL_CONVERSION = YES;
				CLANG_WARN_COMMA = YES;
				CLANG_WARN_CONSTANT_CONVERSION = YES;
				CLANG_WARN_DIRECT_OBJC_ISA_USAGE = YES_ERROR;
				CLANG_WARN_DOCUMENTATION_COMMENTS = YES;
				CLANG_WARN_EMPTY_BODY = YES;
				CLANG_WARN_ENUM_CONVERSION = YES;
				CLANG_WARN_INFINITE_RECURSION = YES;
				CLANG_WARN_INT_CONVERSION = YES;
				CLANG_WARN_NON_LITERAL_NULL_CONVERSION = YES;
				CLANG_WARN_OBJC_LITERAL_CONVERSION = YES;
				CLANG_WARN_OBJC_ROOT_CLASS = YES_ERROR;
				CLANG_WARN_RANGE_LOOP_ANALYSIS = YES;
				CLANG_WARN_STRICT_PROTOTYPES = YES;
				CLANG_WARN_SUSPICIOUS_MOVE = YES;
				CLANG_WARN_UNGUARDED_AVAILABILITY = YES_AGGRESSIVE;
				CLANG_WARN_UNREACHABLE_CODE = YES;
				CLANG_WARN__DUPLICATE_METHOD_MATCH = YES;
				CODE_SIGN_IDENTITY = "iPhone Developer";
				COPY_PHASE_STRIP = NO;
				DEBUG_INFORMATION_FORMAT = dwarf;
				ENABLE_STRICT_OBJC_MSGSEND = YES;
				ENABLE_TESTABILITY = YES;
				GCC_C_LANGUAGE_STANDARD = gnu11;
				GCC_DYNAMIC_NO_PIC = NO;
				GCC_NO_COMMON_BLOCKS = YES;
				GCC_OPTIMIZATION_LEVEL = 0;
				GCC_PREPROCESSOR_DEFINITIONS = (
					"DEBUG=1",
					"$(inherited)",
				);
				GCC_WARN_64_TO_32_BIT_CONVERSION = YES;
				GCC_WARN_ABOUT_RETURN_TYPE = YES_ERROR;
				GCC_WARN_UNDECLARED_SELECTOR = YES;
				GCC_WARN_UNINITIALIZED_AUTOS = YES_AGGRESSIVE;
				GCC_WARN_UNUSED_FUNCTION = YES;
				GCC_WARN_UNUSED_VARIABLE = YES;
				IPHONEOS_DEPLOYMENT_TARGET = 11.1;
				MTL_ENABLE_DEBUG_INFO = YES;
				ONLY_ACTIVE_ARCH = YES;
				SDKROOT = iphoneos;
				SWIFT_ACTIVE_COMPILATION_CONDITIONS = DEBUG;
				SWIFT_OPTIMIZATION_LEVEL = "-Onone";
			};
			name = Debug;
		};
		2204B8FA1FC1EBFE00BD2EFB /* Release */ = {
			isa = XCBuildConfiguration;
			buildSettings = {
				ALWAYS_SEARCH_USER_PATHS = NO;
				CLANG_ANALYZER_NONNULL = YES;
				CLANG_ANALYZER_NUMBER_OBJECT_CONVERSION = YES_AGGRESSIVE;
				CLANG_CXX_LANGUAGE_STANDARD = "gnu++14";
				CLANG_CXX_LIBRARY = "libc++";
				CLANG_ENABLE_MODULES = YES;
				CLANG_ENABLE_OBJC_ARC = YES;
				CLANG_WARN_BLOCK_CAPTURE_AUTORELEASING = YES;
				CLANG_WARN_BOOL_CONVERSION = YES;
				CLANG_WARN_COMMA = YES;
				CLANG_WARN_CONSTANT_CONVERSION = YES;
				CLANG_WARN_DIRECT_OBJC_ISA_USAGE = YES_ERROR;
				CLANG_WARN_DOCUMENTATION_COMMENTS = YES;
				CLANG_WARN_EMPTY_BODY = YES;
				CLANG_WARN_ENUM_CONVERSION = YES;
				CLANG_WARN_INFINITE_RECURSION = YES;
				CLANG_WARN_INT_CONVERSION = YES;
				CLANG_WARN_NON_LITERAL_NULL_CONVERSION = YES;
				CLANG_WARN_OBJC_LITERAL_CONVERSION = YES;
				CLANG_WARN_OBJC_ROOT_CLASS = YES_ERROR;
				CLANG_WARN_RANGE_LOOP_ANALYSIS = YES;
				CLANG_WARN_STRICT_PROTOTYPES = YES;
				CLANG_WARN_SUSPICIOUS_MOVE = YES;
				CLANG_WARN_UNGUARDED_AVAILABILITY = YES_AGGRESSIVE;
				CLANG_WARN_UNREACHABLE_CODE = YES;
				CLANG_WARN__DUPLICATE_METHOD_MATCH = YES;
				CODE_SIGN_IDENTITY = "iPhone Developer";
				COPY_PHASE_STRIP = NO;
				DEBUG_INFORMATION_FORMAT = "dwarf-with-dsym";
				ENABLE_NS_ASSERTIONS = NO;
				ENABLE_STRICT_OBJC_MSGSEND = YES;
				GCC_C_LANGUAGE_STANDARD = gnu11;
				GCC_NO_COMMON_BLOCKS = YES;
				GCC_WARN_64_TO_32_BIT_CONVERSION = YES;
				GCC_WARN_ABOUT_RETURN_TYPE = YES_ERROR;
				GCC_WARN_UNDECLARED_SELECTOR = YES;
				GCC_WARN_UNINITIALIZED_AUTOS = YES_AGGRESSIVE;
				GCC_WARN_UNUSED_FUNCTION = YES;
				GCC_WARN_UNUSED_VARIABLE = YES;
				IPHONEOS_DEPLOYMENT_TARGET = 11.1;
				MTL_ENABLE_DEBUG_INFO = NO;
				SDKROOT = iphoneos;
				SWIFT_OPTIMIZATION_LEVEL = "-Owholemodule";
				VALIDATE_PRODUCT = YES;
			};
			name = Release;
		};
		2204B8FC1FC1EBFE00BD2EFB /* Debug */ = {
			isa = XCBuildConfiguration;
			buildSettings = {
				ASSETCATALOG_COMPILER_APPICON_NAME = AppIcon;
				CODE_SIGN_STYLE = Automatic;
				DEVELOPMENT_TEAM = 9S2D6FM2HN;
				INFOPLIST_FILE = beltExam2/Info.plist;
				LD_RUNPATH_SEARCH_PATHS = "$(inherited) @executable_path/Frameworks";
				PRODUCT_BUNDLE_IDENTIFIER = RicardoRojas.beltExam2;
				PRODUCT_NAME = "$(TARGET_NAME)";
				SWIFT_VERSION = 4.0;
				TARGETED_DEVICE_FAMILY = "1,2";
			};
			name = Debug;
		};
		2204B8FD1FC1EBFE00BD2EFB /* Release */ = {
			isa = XCBuildConfiguration;
			buildSettings = {
				ASSETCATALOG_COMPILER_APPICON_NAME = AppIcon;
				CODE_SIGN_STYLE = Automatic;
				DEVELOPMENT_TEAM = 9S2D6FM2HN;
				INFOPLIST_FILE = beltExam2/Info.plist;
				LD_RUNPATH_SEARCH_PATHS = "$(inherited) @executable_path/Frameworks";
				PRODUCT_BUNDLE_IDENTIFIER = RicardoRojas.beltExam2;
				PRODUCT_NAME = "$(TARGET_NAME)";
				SWIFT_VERSION = 4.0;
				TARGETED_DEVICE_FAMILY = "1,2";
			};
			name = Release;
		};
		2204B8FF1FC1EBFE00BD2EFB /* Debug */ = {
			isa = XCBuildConfiguration;
			buildSettings = {
				ALWAYS_EMBED_SWIFT_STANDARD_LIBRARIES = YES;
				BUNDLE_LOADER = "$(TEST_HOST)";
				CODE_SIGN_STYLE = Automatic;
				DEVELOPMENT_TEAM = 9S2D6FM2HN;
				INFOPLIST_FILE = beltExam2Tests/Info.plist;
				LD_RUNPATH_SEARCH_PATHS = "$(inherited) @executable_path/Frameworks @loader_path/Frameworks";
				PRODUCT_BUNDLE_IDENTIFIER = RicardoRojas.beltExam2Tests;
				PRODUCT_NAME = "$(TARGET_NAME)";
				SWIFT_VERSION = 4.0;
				TARGETED_DEVICE_FAMILY = "1,2";
				TEST_HOST = "$(BUILT_PRODUCTS_DIR)/beltExam2.app/beltExam2";
			};
			name = Debug;
		};
		2204B9001FC1EBFE00BD2EFB /* Release */ = {
			isa = XCBuildConfiguration;
			buildSettings = {
				ALWAYS_EMBED_SWIFT_STANDARD_LIBRARIES = YES;
				BUNDLE_LOADER = "$(TEST_HOST)";
				CODE_SIGN_STYLE = Automatic;
				DEVELOPMENT_TEAM = 9S2D6FM2HN;
				INFOPLIST_FILE = beltExam2Tests/Info.plist;
				LD_RUNPATH_SEARCH_PATHS = "$(inherited) @executable_path/Frameworks @loader_path/Frameworks";
				PRODUCT_BUNDLE_IDENTIFIER = RicardoRojas.beltExam2Tests;
				PRODUCT_NAME = "$(TARGET_NAME)";
				SWIFT_VERSION = 4.0;
				TARGETED_DEVICE_FAMILY = "1,2";
				TEST_HOST = "$(BUILT_PRODUCTS_DIR)/beltExam2.app/beltExam2";
			};
			name = Release;
		};
		2204B9021FC1EBFE00BD2EFB /* Debug */ = {
			isa = XCBuildConfiguration;
			buildSettings = {
				ALWAYS_EMBED_SWIFT_STANDARD_LIBRARIES = YES;
				CODE_SIGN_STYLE = Automatic;
				DEVELOPMENT_TEAM = 9S2D6FM2HN;
				INFOPLIST_FILE = beltExam2UITests/Info.plist;
				LD_RUNPATH_SEARCH_PATHS = "$(inherited) @executable_path/Frameworks @loader_path/Frameworks";
				PRODUCT_BUNDLE_IDENTIFIER = RicardoRojas.beltExam2UITests;
				PRODUCT_NAME = "$(TARGET_NAME)";
				SWIFT_VERSION = 4.0;
				TARGETED_DEVICE_FAMILY = "1,2";
				TEST_TARGET_NAME = beltExam2;
			};
			name = Debug;
		};
		2204B9031FC1EBFE00BD2EFB /* Release */ = {
			isa = XCBuildConfiguration;
			buildSettings = {
				ALWAYS_EMBED_SWIFT_STANDARD_LIBRARIES = YES;
				CODE_SIGN_STYLE = Automatic;
				DEVELOPMENT_TEAM = 9S2D6FM2HN;
				INFOPLIST_FILE = beltExam2UITests/Info.plist;
				LD_RUNPATH_SEARCH_PATHS = "$(inherited) @executable_path/Frameworks @loader_path/Frameworks";
				PRODUCT_BUNDLE_IDENTIFIER = RicardoRojas.beltExam2UITests;
				PRODUCT_NAME = "$(TARGET_NAME)";
				SWIFT_VERSION = 4.0;
				TARGETED_DEVICE_FAMILY = "1,2";
				TEST_TARGET_NAME = beltExam2;
			};
			name = Release;
		};
/* End XCBuildConfiguration section */

/* Begin XCConfigurationList section */
		2204B8CB1FC1EBFE00BD2EFB /* Build configuration list for PBXProject "beltExam2" */ = {
			isa = XCConfigurationList;
			buildConfigurations = (
				2204B8F91FC1EBFE00BD2EFB /* Debug */,
				2204B8FA1FC1EBFE00BD2EFB /* Release */,
			);
			defaultConfigurationIsVisible = 0;
			defaultConfigurationName = Release;
		};
		2204B8FB1FC1EBFE00BD2EFB /* Build configuration list for PBXNativeTarget "beltExam2" */ = {
			isa = XCConfigurationList;
			buildConfigurations = (
				2204B8FC1FC1EBFE00BD2EFB /* Debug */,
				2204B8FD1FC1EBFE00BD2EFB /* Release */,
			);
			defaultConfigurationIsVisible = 0;
			defaultConfigurationName = Release;
		};
		2204B8FE1FC1EBFE00BD2EFB /* Build configuration list for PBXNativeTarget "beltExam2Tests" */ = {
			isa = XCConfigurationList;
			buildConfigurations = (
				2204B8FF1FC1EBFE00BD2EFB /* Debug */,
				2204B9001FC1EBFE00BD2EFB /* Release */,
			);
			defaultConfigurationIsVisible = 0;
			defaultConfigurationName = Release;
		};
		2204B9011FC1EBFE00BD2EFB /* Build configuration list for PBXNativeTarget "beltExam2UITests" */ = {
			isa = XCConfigurationList;
			buildConfigurations = (
				2204B9021FC1EBFE00BD2EFB /* Debug */,
				2204B9031FC1EBFE00BD2EFB /* Release */,
			);
			defaultConfigurationIsVisible = 0;
			defaultConfigurationName = Release;
		};
/* End XCConfigurationList section */

/* Begin XCVersionGroup section */
		2204B8DA1FC1EBFE00BD2EFB /* beltExam2.xcdatamodeld */ = {
			isa = XCVersionGroup;
			children = (
				2204B8DB1FC1EBFE00BD2EFB /* beltExam2.xcdatamodel */,
			);
			currentVersion = 2204B8DB1FC1EBFE00BD2EFB /* beltExam2.xcdatamodel */;
			path = beltExam2.xcdatamodeld;
			sourceTree = "<group>";
			versionGroupType = wrapper.xcdatamodel;
		};
/* End XCVersionGroup section */
	};
	rootObject = 2204B8C81FC1EBFE00BD2EFB /* Project object */;
}
